Microsoft Visual Studio Solution File, Format Version 12.00
# Visual Studio 15
VisualStudioVersion = 15.0.26430.15
MinimumVisualStudioVersion = 10.0.40219.1
Project("{FAE04EC0-301F-11D3-BF4B-00C04F79EFBC}") = "Transact", "Transact\Transact.csproj", "{D83FA861-1C65-4526-B795-4BEBE6D64FAB}"
EndProject
Global
	GlobalSection(SolutionConfigurationPlatforms) = preSolution
		Debug|Any CPU = Debug|Any CPU
		Release|Any CPU = Release|Any CPU
	EndGlobalSection
	GlobalSection(ProjectConfigurationPlatforms) = postSolution
		{D83FA861-1C65-4526-B795-4BEBE6D64FAB}.Debug|Any CPU.ActiveCfg = Debug|Any CPU
		{D83FA861-1C65-4526-B795-4BEBE6D64FAB}.Debug|Any CPU.Build.0 = Debug|Any CPU
		{D83FA861-1C65-4526-B795-4BEBE6D64FAB}.Debug|Any CPU.Deploy.0 = Debug|Any CPU
		{D83FA861-1C65-4526-B795-4BEBE6D64FAB}.Release|Any CPU.ActiveCfg = Release|Any CPU
		{D83FA861-1C65-4526-B795-4BEBE6D64FAB}.Release|Any CPU.Build.0 = Release|Any CPU
	EndGlobalSection
	GlobalSection(SolutionProperties) = preSolution
		HideSolutionNode = FALSE
	EndGlobalSection
EndGlobal
